
Microsoft Visual Studio Solution File, Format Version 12.00
# Visual Studio Version 17
VisualStudioVersion = 17.12.35707.178
MinimumVisualStudioVersion = 10.0.40219.1
Project("{8BC9CEB8-8B4A-11D0-8D11-00A0C91BC942}") = "Pointers", "Pointers\Pointers.vcxproj", "{C2766211-0EE7-48EF-B2EF-5D4ABBE3D0EE}"
EndProject
Project("{8BC9CEB8-8B4A-11D0-8D11-00A0C91BC942}") = "TransferParameters", "TransferParameters\TransferParameters.vcxproj", "{60CD230B-CF47-4751-9A77-D6BB40F9C881}"
EndProject
Project("{8BC9CEB8-8B4A-11D0-8D11-00A0C91BC942}") = "References", "References\References.vcxproj", "{782587D4-03DB-4544-B71E-2067A8A906B6}"
EndProject
Project("{8BC9CEB8-8B4A-11D0-8D11-00A0C91BC942}") = "DinamicMemory", "DinamicMemory\DinamicMemory.vcxproj", "{C3190846-E0BD-4640-BD5E-746E6BF27145}"
EndProject
Project("{8BC9CEB8-8B4A-11D0-8D11-00A0C91BC942}") = "FunctionsAndArrays", "FunctionsAndArrays\FunctionsAndArrays.vcxproj", "{648E2C43-8C6A-496A-9553-F59508001206}"
EndProject
Project("{8BC9CEB8-8B4A-11D0-8D11-00A0C91BC942}") = "Split", "Split\Split.vcxproj", "{A2858150-DC08-4CFA-9940-7FA7A19EFAC4}"
EndProject
Project("{8BC9CEB8-8B4A-11D0-8D11-00A0C91BC942}") = "Split2", "Split2\Split2.vcxproj", "{A9BCF33E-F5EB-4A82-967F-BC749801BF81}"
EndProject
Project("{8BC9CEB8-8B4A-11D0-8D11-00A0C91BC942}") = "Split3", "Split3\Split3.vcxproj", "{C66D2956-958B-44CC-904E-D93480EF8027}"
EndProject
Global
	GlobalSection(SolutionConfigurationPlatforms) = preSolution
		Debug|x64 = Debug|x64
		Debug|x86 = Debug|x86
		Release|x64 = Release|x64
		Release|x86 = Release|x86
	EndGlobalSection
	GlobalSection(ProjectConfigurationPlatforms) = postSolution
		{C2766211-0EE7-48EF-B2EF-5D4ABBE3D0EE}.Debug|x64.ActiveCfg = Debug|x64
		{C2766211-0EE7-48EF-B2EF-5D4ABBE3D0EE}.Debug|x64.Build.0 = Debug|x64
		{C2766211-0EE7-48EF-B2EF-5D4ABBE3D0EE}.Debug|x86.ActiveCfg = Debug|Win32
		{C2766211-0EE7-48EF-B2EF-5D4ABBE3D0EE}.Debug|x86.Build.0 = Debug|Win32
		{C2766211-0EE7-48EF-B2EF-5D4ABBE3D0EE}.Release|x64.ActiveCfg = Release|x64
		{C2766211-0EE7-48EF-B2EF-5D4ABBE3D0EE}.Release|x64.Build.0 = Release|x64
		{C2766211-0EE7-48EF-B2EF-5D4ABBE3D0EE}.Release|x86.ActiveCfg = Release|Win32
		{C2766211-0EE7-48EF-B2EF-5D4ABBE3D0EE}.Release|x86.Build.0 = Release|Win32
		{60CD230B-CF47-4751-9A77-D6BB40F9C881}.Debug|x64.ActiveCfg = Debug|x64
		{60CD230B-CF47-4751-9A77-D6BB40F9C881}.Debug|x64.Build.0 = Debug|x64
		{60CD230B-CF47-4751-9A77-D6BB40F9C881}.Debug|x86.ActiveCfg = Debug|Win32
		{60CD230B-CF47-4751-9A77-D6BB40F9C881}.Debug|x86.Build.0 = Debug|Win32
		{60CD230B-CF47-4751-9A77-D6BB40F9C881}.Release|x64.ActiveCfg = Release|x64
		{60CD230B-CF47-4751-9A77-D6BB40F9C881}.Release|x64.Build.0 = Release|x64
		{60CD230B-CF47-4751-9A77-D6BB40F9C881}.Release|x86.ActiveCfg = Release|Win32
		{60CD230B-CF47-4751-9A77-D6BB40F9C881}.Release|x86.Build.0 = Release|Win32
		{782587D4-03DB-4544-B71E-2067A8A906B6}.Debug|x64.ActiveCfg = Debug|x64
		{782587D4-03DB-4544-B71E-2067A8A906B6}.Debug|x64.Build.0 = Debug|x64
		{782587D4-03DB-4544-B71E-2067A8A906B6}.Debug|x86.ActiveCfg = Debug|Win32
		{782587D4-03DB-4544-B71E-2067A8A906B6}.Debug|x86.Build.0 = Debug|Win32
		{782587D4-03DB-4544-B71E-2067A8A906B6}.Release|x64.ActiveCfg = Release|x64
		{782587D4-03DB-4544-B71E-2067A8A906B6}.Release|x64.Build.0 = Release|x64
		{782587D4-03DB-4544-B71E-2067A8A906B6}.Release|x86.ActiveCfg = Release|Win32
		{782587D4-03DB-4544-B71E-2067A8A906B6}.Release|x86.Build.0 = Release|Win32
		{C3190846-E0BD-4640-BD5E-746E6BF27145}.Debug|x64.ActiveCfg = Debug|x64
		{C3190846-E0BD-4640-BD5E-746E6BF27145}.Debug|x64.Build.0 = Debug|x64
		{C3190846-E0BD-4640-BD5E-746E6BF27145}.Debug|x86.ActiveCfg = Debug|Win32
		{C3190846-E0BD-4640-BD5E-746E6BF27145}.Debug|x86.Build.0 = Debug|Win32
		{C3190846-E0BD-4640-BD5E-746E6BF27145}.Release|x64.ActiveCfg = Release|x64
		{C3190846-E0BD-4640-BD5E-746E6BF27145}.Release|x64.Build.0 = Release|x64
		{C3190846-E0BD-4640-BD5E-746E6BF27145}.Release|x86.ActiveCfg = Release|Win32
		{C3190846-E0BD-4640-BD5E-746E6BF27145}.Release|x86.Build.0 = Release|Win32
		{648E2C43-8C6A-496A-9553-F59508001206}.Debug|x64.ActiveCfg = Debug|x64
		{648E2C43-8C6A-496A-9553-F59508001206}.Debug|x64.Build.0 = Debug|x64
		{648E2C43-8C6A-496A-9553-F59508001206}.Debug|x86.ActiveCfg = Debug|Win32
		{648E2C43-8C6A-496A-9553-F59508001206}.Debug|x86.Build.0 = Debug|Win32
		{648E2C43-8C6A-496A-9553-F59508001206}.Release|x64.ActiveCfg = Release|x64
		{648E2C43-8C6A-496A-9553-F59508001206}.Release|x64.Build.0 = Release|x64
		{648E2C43-8C6A-496A-9553-F59508001206}.Release|x86.ActiveCfg = Release|Win32
		{648E2C43-8C6A-496A-9553-F59508001206}.Release|x86.Build.0 = Release|Win32
		{A2858150-DC08-4CFA-9940-7FA7A19EFAC4}.Debug|x64.ActiveCfg = Debug|x64
		{A2858150-DC08-4CFA-9940-7FA7A19EFAC4}.Debug|x64.Build.0 = Debug|x64
		{A2858150-DC08-4CFA-9940-7FA7A19EFAC4}.Debug|x86.ActiveCfg = Debug|Win32
		{A2858150-DC08-4CFA-9940-7FA7A19EFAC4}.Debug|x86.Build.0 = Debug|Win32
		{A2858150-DC08-4CFA-9940-7FA7A19EFAC4}.Release|x64.ActiveCfg = Release|x64
		{A2858150-DC08-4CFA-9940-7FA7A19EFAC4}.Release|x64.Build.0 = Release|x64
		{A2858150-DC08-4CFA-9940-7FA7A19EFAC4}.Release|x86.ActiveCfg = Release|Win32
		{A2858150-DC08-4CFA-9940-7FA7A19EFAC4}.Release|x86.Build.0 = Release|Win32
		{A9BCF33E-F5EB-4A82-967F-BC749801BF81}.Debug|x64.ActiveCfg = Debug|x64
		{A9BCF33E-F5EB-4A82-967F-BC749801BF81}.Debug|x64.Build.0 = Debug|x64
		{A9BCF33E-F5EB-4A82-967F-BC749801BF81}.Debug|x86.ActiveCfg = Debug|Win32
		{A9BCF33E-F5EB-4A82-967F-BC749801BF81}.Debug|x86.Build.0 = Debug|Win32
		{A9BCF33E-F5EB-4A82-967F-BC749801BF81}.Release|x64.ActiveCfg = Release|x64
		{A9BCF33E-F5EB-4A82-967F-BC749801BF81}.Release|x64.Build.0 = Release|x64
		{A9BCF33E-F5EB-4A82-967F-BC749801BF81}.Release|x86.ActiveCfg = Release|Win32
		{A9BCF33E-F5EB-4A82-967F-BC749801BF81}.Release|x86.Build.0 = Release|Win32
		{C66D2956-958B-44CC-904E-D93480EF8027}.Debug|x64.ActiveCfg = Debug|x64
		{C66D2956-958B-44CC-904E-D93480EF8027}.Debug|x64.Build.0 = Debug|x64
		{C66D2956-958B-44CC-904E-D93480EF8027}.Debug|x86.ActiveCfg = Debug|Win32
		{C66D2956-958B-44CC-904E-D93480EF8027}.Debug|x86.Build.0 = Debug|Win32
		{C66D2956-958B-44CC-904E-D93480EF8027}.Release|x64.ActiveCfg = Release|x64
		{C66D2956-958B-44CC-904E-D93480EF8027}.Release|x64.Build.0 = Release|x64
		{C66D2956-958B-44CC-904E-D93480EF8027}.Release|x86.ActiveCfg = Release|Win32
		{C66D2956-958B-44CC-904E-D93480EF8027}.Release|x86.Build.0 = Release|Win32
	EndGlobalSection
	GlobalSection(SolutionProperties) = preSolution
		HideSolutionNode = FALSE
	EndGlobalSection
EndGlobal
